
Microsoft Visual Studio Solution File, Format Version 12.00
# Visual Studio Version 17
VisualStudioVersion = 17.0.31903.59
MinimumVisualStudioVersion = 10.0.40219.1
Project("{2150E333-8FDC-42A3-9474-1A3956D46DE8}") = "src", "src", "{827E0CD3-B72D-47B6-A68D-7590B98EB39B}"
EndProject
Project("{FAE04EC0-301F-11D3-BF4B-00C04F79EFBC}") = "Anchor.Api", "src\Anchor.Api\Anchor.Api.csproj", "{2D5388C7-28F5-4DB7-AE50-420871FC730C}"
EndProject
Project("{FAE04EC0-301F-11D3-BF4B-00C04F79EFBC}") = "Anchor.Domain", "src\Anchor.Domain\Anchor.Domain.csproj", "{854D9880-15D0-483C-AA48-82E637789786}"
EndProject
Project("{FAE04EC0-301F-11D3-BF4B-00C04F79EFBC}") = "Anchor.Infrastructure", "src\Anchor.Infrastructure\Anchor.Infrastructure.csproj", "{D9AD6999-0AB4-4A34-AE64-C35365C92799}"
EndProject
Project("{2150E333-8FDC-42A3-9474-1A3956D46DE8}") = "tests", "tests", "{0AB3BF05-4346-4AA6-1389-037BE0695223}"
EndProject
Project("{FAE04EC0-301F-11D3-BF4B-00C04F79EFBC}") = "Anchor.Api.Tests", "tests\Anchor.Api.Tests\Anchor.Api.Tests.csproj", "{92CFFCE5-A4EF-407A-A8CB-DC95AF2360EC}"
EndProject
Global
	GlobalSection(SolutionConfigurationPlatforms) = preSolution
		Debug|Any CPU = Debug|Any CPU
		Debug|x64 = Debug|x64
		Debug|x86 = Debug|x86
		Release|Any CPU = Release|Any CPU
		Release|x64 = Release|x64
		Release|x86 = Release|x86
	EndGlobalSection
	GlobalSection(ProjectConfigurationPlatforms) = postSolution
		{2D5388C7-28F5-4DB7-AE50-420871FC730C}.Debug|Any CPU.ActiveCfg = Debug|Any CPU
		{2D5388C7-28F5-4DB7-AE50-420871FC730C}.Debug|Any CPU.Build.0 = Debug|Any CPU
		{2D5388C7-28F5-4DB7-AE50-420871FC730C}.Debug|x64.ActiveCfg = Debug|Any CPU
		{2D5388C7-28F5-4DB7-AE50-420871FC730C}.Debug|x64.Build.0 = Debug|Any CPU
		{2D5388C7-28F5-4DB7-AE50-420871FC730C}.Debug|x86.ActiveCfg = Debug|Any CPU
		{2D5388C7-28F5-4DB7-AE50-420871FC730C}.Debug|x86.Build.0 = Debug|Any CPU
		{2D5388C7-28F5-4DB7-AE50-420871FC730C}.Release|Any CPU.ActiveCfg = Release|Any CPU
		{2D5388C7-28F5-4DB7-AE50-420871FC730C}.Release|Any CPU.Build.0 = Release|Any CPU
		{2D5388C7-28F5-4DB7-AE50-420871FC730C}.Release|x64.ActiveCfg = Release|Any CPU
		{2D5388C7-28F5-4DB7-AE50-420871FC730C}.Release|x64.Build.0 = Release|Any CPU
		{2D5388C7-28F5-4DB7-AE50-420871FC730C}.Release|x86.ActiveCfg = Release|Any CPU
		{2D5388C7-28F5-4DB7-AE50-420871FC730C}.Release|x86.Build.0 = Release|Any CPU
		{854D9880-15D0-483C-AA48-82E637789786}.Debug|Any CPU.ActiveCfg = Debug|Any CPU
		{854D9880-15D0-483C-AA48-82E637789786}.Debug|Any CPU.Build.0 = Debug|Any CPU
		{854D9880-15D0-483C-AA48-82E637789786}.Debug|x64.ActiveCfg = Debug|Any CPU
		{854D9880-15D0-483C-AA48-82E637789786}.Debug|x64.Build.0 = Debug|Any CPU
		{854D9880-15D0-483C-AA48-82E637789786}.Debug|x86.ActiveCfg = Debug|Any CPU
		{854D9880-15D0-483C-AA48-82E637789786}.Debug|x86.Build.0 = Debug|Any CPU
		{854D9880-15D0-483C-AA48-82E637789786}.Release|Any CPU.ActiveCfg = Release|Any CPU
		{854D9880-15D0-483C-AA48-82E637789786}.Release|Any CPU.Build.0 = Release|Any CPU
		{854D9880-15D0-483C-AA48-82E637789786}.Release|x64.ActiveCfg = Release|Any CPU
		{854D9880-15D0-483C-AA48-82E637789786}.Release|x64.Build.0 = Release|Any CPU
		{854D9880-15D0-483C-AA48-82E637789786}.Release|x86.ActiveCfg = Release|Any CPU
		{854D9880-15D0-483C-AA48-82E637789786}.Release|x86.Build.0 = Release|Any CPU
		{D9AD6999-0AB4-4A34-AE64-C35365C92799}.Debug|Any CPU.ActiveCfg = Debug|Any CPU
		{D9AD6999-0AB4-4A34-AE64-C35365C92799}.Debug|Any CPU.Build.0 = Debug|Any CPU
		{D9AD6999-0AB4-4A34-AE64-C35365C92799}.Debug|x64.ActiveCfg = Debug|Any CPU
		{D9AD6999-0AB4-4A34-AE64-C35365C92799}.Debug|x64.Build.0 = Debug|Any CPU
		{D9AD6999-0AB4-4A34-AE64-C35365C92799}.Debug|x86.ActiveCfg = Debug|Any CPU
		{D9AD6999-0AB4-4A34-AE64-C35365C92799}.Debug|x86.Build.0 = Debug|Any CPU
		{D9AD6999-0AB4-4A34-AE64-C35365C92799}.Release|Any CPU.ActiveCfg = Release|Any CPU
		{D9AD6999-0AB4-4A34-AE64-C35365C92799}.Release|Any CPU.Build.0 = Release|Any CPU
		{D9AD6999-0AB4-4A34-AE64-C35365C92799}.Release|x64.ActiveCfg = Release|Any CPU
		{D9AD6999-0AB4-4A34-AE64-C35365C92799}.Release|x64.Build.0 = Release|Any CPU
		{D9AD6999-0AB4-4A34-AE64-C35365C92799}.Release|x86.ActiveCfg = Release|Any CPU
		{D9AD6999-0AB4-4A34-AE64-C35365C92799}.Release|x86.Build.0 = Release|Any CPU
		{92CFFCE5-A4EF-407A-A8CB-DC95AF2360EC}.Debug|Any CPU.ActiveCfg = Debug|Any CPU
		{92CFFCE5-A4EF-407A-A8CB-DC95AF2360EC}.Debug|Any CPU.Build.0 = Debug|Any CPU
		{92CFFCE5-A4EF-407A-A8CB-DC95AF2360EC}.Debug|x64.ActiveCfg = Debug|Any CPU
		{92CFFCE5-A4EF-407A-A8CB-DC95AF2360EC}.Debug|x64.Build.0 = Debug|Any CPU
		{92CFFCE5-A4EF-407A-A8CB-DC95AF2360EC}.Debug|x86.ActiveCfg = Debug|Any CPU
		{92CFFCE5-A4EF-407A-A8CB-DC95AF2360EC}.Debug|x86.Build.0 = Debug|Any CPU
		{92CFFCE5-A4EF-407A-A8CB-DC95AF2360EC}.Release|Any CPU.ActiveCfg = Release|Any CPU
		{92CFFCE5-A4EF-407A-A8CB-DC95AF2360EC}.Release|Any CPU.Build.0 = Release|Any CPU
		{92CFFCE5-A4EF-407A-A8CB-DC95AF2360EC}.Release|x64.ActiveCfg = Release|Any CPU
		{92CFFCE5-A4EF-407A-A8CB-DC95AF2360EC}.Release|x64.Build.0 = Release|Any CPU
		{92CFFCE5-A4EF-407A-A8CB-DC95AF2360EC}.Release|x86.ActiveCfg = Release|Any CPU
		{92CFFCE5-A4EF-407A-A8CB-DC95AF2360EC}.Release|x86.Build.0 = Release|Any CPU
	EndGlobalSection
	GlobalSection(SolutionProperties) = preSolution
		HideSolutionNode = FALSE
	EndGlobalSection
	GlobalSection(NestedProjects) = preSolution
		{2D5388C7-28F5-4DB7-AE50-420871FC730C} = {827E0CD3-B72D-47B6-A68D-7590B98EB39B}
		{854D9880-15D0-483C-AA48-82E637789786} = {827E0CD3-B72D-47B6-A68D-7590B98EB39B}
		{D9AD6999-0AB4-4A34-AE64-C35365C92799} = {827E0CD3-B72D-47B6-A68D-7590B98EB39B}
		{92CFFCE5-A4EF-407A-A8CB-DC95AF2360EC} = {0AB3BF05-4346-4AA6-1389-037BE0695223}
	EndGlobalSection
EndGlobal
